
Microsoft Visual Studio Solution File, Format Version 12.00
# Visual Studio 2012
Project("{FAE04EC0-301F-11D3-BF4B-00C04F79EFBC}") = "Domain", "SportsStore.Domain\Domain.csproj", "{86E89E79-DD8F-44A8-8B39-8EEBDCA0100F}"
EndProject
Project("{FAE04EC0-301F-11D3-BF4B-00C04F79EFBC}") = "WebUI", "SportsStore.WebUI\WebUI.csproj", "{12BC9257-34A2-4CF8-9A00-BE7661F9D1D7}"
EndProject
Project("{FAE04EC0-301F-11D3-BF4B-00C04F79EFBC}") = "UnitTests", "UnitTests\UnitTests.csproj", "{70451105-EAF2-4871-854C-AF542F39BFFC}"
EndProject
Global
	GlobalSection(SolutionConfigurationPlatforms) = preSolution
		Debug|Any CPU = Debug|Any CPU
		Release|Any CPU = Release|Any CPU
	EndGlobalSection
	GlobalSection(ProjectConfigurationPlatforms) = postSolution
		{86E89E79-DD8F-44A8-8B39-8EEBDCA0100F}.Debug|Any CPU.ActiveCfg = Debug|Any CPU
		{86E89E79-DD8F-44A8-8B39-8EEBDCA0100F}.Debug|Any CPU.Build.0 = Debug|Any CPU
		{86E89E79-DD8F-44A8-8B39-8EEBDCA0100F}.Release|Any CPU.ActiveCfg = Release|Any CPU
		{86E89E79-DD8F-44A8-8B39-8EEBDCA0100F}.Release|Any CPU.Build.0 = Release|Any CPU
		{12BC9257-34A2-4CF8-9A00-BE7661F9D1D7}.Debug|Any CPU.ActiveCfg = Debug|Any CPU
		{12BC9257-34A2-4CF8-9A00-BE7661F9D1D7}.Debug|Any CPU.Build.0 = Debug|Any CPU
		{12BC9257-34A2-4CF8-9A00-BE7661F9D1D7}.Release|Any CPU.ActiveCfg = Release|Any CPU
		{12BC9257-34A2-4CF8-9A00-BE7661F9D1D7}.Release|Any CPU.Build.0 = Release|Any CPU
		{70451105-EAF2-4871-854C-AF542F39BFFC}.Debug|Any CPU.ActiveCfg = Debug|Any CPU
		{70451105-EAF2-4871-854C-AF542F39BFFC}.Debug|Any CPU.Build.0 = Debug|Any CPU
		{70451105-EAF2-4871-854C-AF542F39BFFC}.Release|Any CPU.ActiveCfg = Release|Any CPU
		{70451105-EAF2-4871-854C-AF542F39BFFC}.Release|Any CPU.Build.0 = Release|Any CPU
	EndGlobalSection
	GlobalSection(SolutionProperties) = preSolution
		HideSolutionNode = FALSE
	EndGlobalSection
EndGlobal
